# THIS IS AN AUTOGENERATED FILE. DO NOT EDIT THIS FILE DIRECTLY.
# yarn lockfile v1


gifted-charts-core@0.1.57:
  version "0.1.57"
  resolved "https://registry.yarnpkg.com/gifted-charts-core/-/gifted-charts-core-0.1.57.tgz#24f4dc234e5fcd15d8c6b01f5e6f88c087fa094f"
  integrity sha512-bXV46FsGwZZtrT7jo9vMrAzYNAc6HOlFhPRwfZlqOiYF+qZAzEyQf1/r2eMe7OTCxUQ9sejR+65PIRhshTnrlw==

react-native-gifted-charts@^1.4.55:
  version "1.4.55"
  resolved "https://registry.yarnpkg.com/react-native-gifted-charts/-/react-native-gifted-charts-1.4.55.tgz#38639fb7d01fe3cccb652b7ed4e410dea9c3432c"
  integrity sha512-WOF5MnCbfqvweY+aUHWalWUBVdOcfHeUQmnVekrNebJrzBzM333WGPItOahDluO8XFVzBoagpow54enBfCbc6w==
  dependencies:
    gifted-charts-core "0.1.57"
